
Microsoft Visual Studio Solution File, Format Version 12.00
# Visual Studio 14
VisualStudioVersion = 14.0.25420.1
MinimumVisualStudioVersion = 10.0.40219.1
Project("{FAE04EC0-301F-11D3-BF4B-00C04F79EFBC}") = "ESPlugin", "ESPlugin\ESPlugin.csproj", "{8A2DE257-567C-41DC-B81D-C2A95C786C70}"
EndProject
Project("{FAE04EC0-301F-11D3-BF4B-00C04F79EFBC}") = "wxQYH", "wxQYH\wxQYH.csproj", "{D0726BBA-BFD9-4E47-973D-0DACD0CDC9E8}"
EndProject
Project("{FAE04EC0-301F-11D3-BF4B-00C04F79EFBC}") = "SAPBusinessOne", "SAPBusinessOne\SAPBusinessOne.csproj", "{307C526F-6A01-4696-AD4D-95DC1EE93665}"
EndProject
Project("{FAE04EC0-301F-11D3-BF4B-00C04F79EFBC}") = "BirthdayLunar", "BirthdayLunar\BirthdayLunar.csproj", "{96B54E8E-D3BF-4BF0-811E-E7F878607381}"
EndProject
Project("{FAE04EC0-301F-11D3-BF4B-00C04F79EFBC}") = "BirthdayLunarWeb", "BirthdayLunarWeb\BirthdayLunarWeb.csproj", "{477387EB-96E1-412D-994F-E4B95B023DD9}"
EndProject
Project("{FAE04EC0-301F-11D3-BF4B-00C04F79EFBC}") = "Model.QYH", "Models\Model.QYH.csproj", "{2A6942D6-31BF-4D39-A3AC-D7FF64B7E73A}"
EndProject
Project("{FAE04EC0-301F-11D3-BF4B-00C04F79EFBC}") = "BLL.QYH", "BLLs\BLL.QYH.csproj", "{28F176B4-66D1-4EFD-A636-73669D9A358F}"
EndProject
Project("{FAE04EC0-301F-11D3-BF4B-00C04F79EFBC}") = "ZhaoPin", "ZhaoPin\ZhaoPin.csproj", "{A168C61A-EC33-41BA-B2DE-45FAC113D39B}"
EndProject
Project("{FAE04EC0-301F-11D3-BF4B-00C04F79EFBC}") = "Common", "Common\Common\Common.csproj", "{12A0A7CE-A424-4553-99D0-527FCCFDAA46}"
EndProject
Global
	GlobalSection(SolutionConfigurationPlatforms) = preSolution
		Debug|Any CPU = Debug|Any CPU
		Release|Any CPU = Release|Any CPU
	EndGlobalSection
	GlobalSection(ProjectConfigurationPlatforms) = postSolution
		{8A2DE257-567C-41DC-B81D-C2A95C786C70}.Debug|Any CPU.ActiveCfg = Debug|Any CPU
		{8A2DE257-567C-41DC-B81D-C2A95C786C70}.Debug|Any CPU.Build.0 = Debug|Any CPU
		{8A2DE257-567C-41DC-B81D-C2A95C786C70}.Release|Any CPU.ActiveCfg = Release|Any CPU
		{8A2DE257-567C-41DC-B81D-C2A95C786C70}.Release|Any CPU.Build.0 = Release|Any CPU
		{D0726BBA-BFD9-4E47-973D-0DACD0CDC9E8}.Debug|Any CPU.ActiveCfg = Debug|Any CPU
		{D0726BBA-BFD9-4E47-973D-0DACD0CDC9E8}.Debug|Any CPU.Build.0 = Debug|Any CPU
		{D0726BBA-BFD9-4E47-973D-0DACD0CDC9E8}.Release|Any CPU.ActiveCfg = Release|Any CPU
		{D0726BBA-BFD9-4E47-973D-0DACD0CDC9E8}.Release|Any CPU.Build.0 = Release|Any CPU
		{307C526F-6A01-4696-AD4D-95DC1EE93665}.Debug|Any CPU.ActiveCfg = Debug|Any CPU
		{307C526F-6A01-4696-AD4D-95DC1EE93665}.Debug|Any CPU.Build.0 = Debug|Any CPU
		{307C526F-6A01-4696-AD4D-95DC1EE93665}.Release|Any CPU.ActiveCfg = Release|Any CPU
		{307C526F-6A01-4696-AD4D-95DC1EE93665}.Release|Any CPU.Build.0 = Release|Any CPU
		{96B54E8E-D3BF-4BF0-811E-E7F878607381}.Debug|Any CPU.ActiveCfg = Debug|Any CPU
		{96B54E8E-D3BF-4BF0-811E-E7F878607381}.Debug|Any CPU.Build.0 = Debug|Any CPU
		{96B54E8E-D3BF-4BF0-811E-E7F878607381}.Release|Any CPU.ActiveCfg = Release|Any CPU
		{96B54E8E-D3BF-4BF0-811E-E7F878607381}.Release|Any CPU.Build.0 = Release|Any CPU
		{477387EB-96E1-412D-994F-E4B95B023DD9}.Debug|Any CPU.ActiveCfg = Debug|Any CPU
		{477387EB-96E1-412D-994F-E4B95B023DD9}.Debug|Any CPU.Build.0 = Debug|Any CPU
		{477387EB-96E1-412D-994F-E4B95B023DD9}.Release|Any CPU.ActiveCfg = Release|Any CPU
		{477387EB-96E1-412D-994F-E4B95B023DD9}.Release|Any CPU.Build.0 = Release|Any CPU
		{2A6942D6-31BF-4D39-A3AC-D7FF64B7E73A}.Debug|Any CPU.ActiveCfg = Debug|Any CPU
		{2A6942D6-31BF-4D39-A3AC-D7FF64B7E73A}.Debug|Any CPU.Build.0 = Debug|Any CPU
		{2A6942D6-31BF-4D39-A3AC-D7FF64B7E73A}.Release|Any CPU.ActiveCfg = Release|Any CPU
		{2A6942D6-31BF-4D39-A3AC-D7FF64B7E73A}.Release|Any CPU.Build.0 = Release|Any CPU
		{28F176B4-66D1-4EFD-A636-73669D9A358F}.Debug|Any CPU.ActiveCfg = Debug|Any CPU
		{28F176B4-66D1-4EFD-A636-73669D9A358F}.Debug|Any CPU.Build.0 = Debug|Any CPU
		{28F176B4-66D1-4EFD-A636-73669D9A358F}.Release|Any CPU.ActiveCfg = Release|Any CPU
		{28F176B4-66D1-4EFD-A636-73669D9A358F}.Release|Any CPU.Build.0 = Release|Any CPU
		{A168C61A-EC33-41BA-B2DE-45FAC113D39B}.Debug|Any CPU.ActiveCfg = Debug|Any CPU
		{A168C61A-EC33-41BA-B2DE-45FAC113D39B}.Debug|Any CPU.Build.0 = Debug|Any CPU
		{A168C61A-EC33-41BA-B2DE-45FAC113D39B}.Release|Any CPU.ActiveCfg = Release|Any CPU
		{A168C61A-EC33-41BA-B2DE-45FAC113D39B}.Release|Any CPU.Build.0 = Release|Any CPU
		{12A0A7CE-A424-4553-99D0-527FCCFDAA46}.Debug|Any CPU.ActiveCfg = Debug|Any CPU
		{12A0A7CE-A424-4553-99D0-527FCCFDAA46}.Debug|Any CPU.Build.0 = Debug|Any CPU
		{12A0A7CE-A424-4553-99D0-527FCCFDAA46}.Release|Any CPU.ActiveCfg = Release|Any CPU
		{12A0A7CE-A424-4553-99D0-527FCCFDAA46}.Release|Any CPU.Build.0 = Release|Any CPU
	EndGlobalSection
	GlobalSection(SolutionProperties) = preSolution
		HideSolutionNode = FALSE
	EndGlobalSection
EndGlobal
